// !$*UTF8*$!
{
	archiveVersion = 1;
	classes = {
	};
	objectVersion = 46;
	objects = {

/* Begin PBXBuildFile section */
		651BD54B1C9C4FF900C05BFB /* AppDelegate.swift in Sources */ = {isa = PBXBuildFile; fileRef = 651BD54A1C9C4FF900C05BFB /* AppDelegate.swift */; };
		651BD54D1C9C4FF900C05BFB /* ViewController.swift in Sources */ = {isa = PBXBuildFile; fileRef = 651BD54C1C9C4FF900C05BFB /* ViewController.swift */; };
		651BD5501C9C4FF900C05BFB /* Main.storyboard in Resources */ = {isa = PBXBuildFile; fileRef = 651BD54E1C9C4FF900C05BFB /* Main.storyboard */; };
		651BD5521C9C4FF900C05BFB /* Assets.xcassets in Resources */ = {isa = PBXBuildFile; fileRef = 651BD5511C9C4FF900C05BFB /* Assets.xcassets */; };
		651BD5551C9C4FF900C05BFB /* LaunchScreen.storyboard in Resources */ = {isa = PBXBuildFile; fileRef = 651BD5531C9C4FF900C05BFB /* LaunchScreen.storyboard */; };
		651BD5601C9C4FF900C05BFB /* LoveFinderTests.swift in Sources */ = {isa = PBXBuildFile; fileRef = 651BD55F1C9C4FF900C05BFB /* LoveFinderTests.swift */; };
		651BD56B1C9C4FF900C05BFB /* LoveFinderUITests.swift in Sources */ = {isa = PBXBuildFile; fileRef = 651BD56A1C9C4FF900C05BFB /* LoveFinderUITests.swift */; };
/* End PBXBuildFile section */

/* Begin PBXContainerItemProxy section */
		651BD55C1C9C4FF900C05BFB /* PBXContainerItemProxy */ = {
			isa = PBXContainerItemProxy;
			containerPortal = 651BD53F1C9C4FF900C05BFB /* Project object */;
			proxyType = 1;
			remoteGlobalIDString = 651BD5461C9C4FF900C05BFB;
			remoteInfo = LoveFinder;
		};
		651BD5671C9C4FF900C05BFB /* PBXContainerItemProxy */ = {
			isa = PBXContainerItemProxy;
			containerPortal = 651BD53F1C9C4FF900C05BFB /* Project object */;
			proxyType = 1;
			remoteGlobalIDString = 651BD5461C9C4FF900C05BFB;
			remoteInfo = LoveFinder;
		};
/* End PBXContainerItemProxy section */

/* Begin PBXFileReference section */
		651BD5471C9C4FF900C05BFB /* LoveFinder.app */ = {isa = PBXFileReference; explicitFileType = wrapper.application; includeInIndex = 0; path = LoveFinder.app; sourceTree = BUILT_PRODUCTS_DIR; };
		651BD54A1C9C4FF900C05BFB /* AppDelegate.swift */ = {isa = PBXFileReference; lastKnownFileType = sourcecode.swift; path = AppDelegate.swift; sourceTree = "<group>"; };
		651BD54C1C9C4FF900C05BFB /* ViewController.swift */ = {isa = PBXFileReference; lastKnownFileType = sourcecode.swift; path = ViewController.swift; sourceTree = "<group>"; };
		651BD54F1C9C4FF900C05BFB /* Base */ = {isa = PBXFileReference; lastKnownFileType = file.storyboard; name = Base; path = Base.lproj/Main.storyboard; sourceTree = "<group>"; };
		651BD5511C9C4FF900C05BFB /* Assets.xcassets */ = {isa = PBXFileReference; lastKnownFileType = folder.assetcatalog; path = Assets.xcassets; sourceTree = "<group>"; };
		651BD5541C9C4FF900C05BFB /* Base */ = {isa = PBXFileReference; lastKnownFileType = file.storyboard; name = Base; path = Base.lproj/LaunchScreen.storyboard; sourceTree = "<group>"; };
		651BD5561C9C4FF900C05BFB /* Info.plist */ = {isa = PBXFileReference; lastKnownFileType = text.plist.xml; path = Info.plist; sourceTree = "<group>"; };
		651BD55B1C9C4FF900C05BFB /* LoveFinderTests.xctest */ = {isa = PBXFileReference; explicitFileType = wrapper.cfbundle; includeInIndex = 0; path = LoveFinderTests.xctest; sourceTree = BUILT_PRODUCTS_DIR; };
		651BD55F1C9C4FF900C05BFB /* LoveFinderTests.swift */ = {isa = PBXFileReference; lastKnownFileType = sourcecode.swift; path = LoveFinderTests.swift; sourceTree = "<group>"; };
		651BD5611C9C4FF900C05BFB /* Info.plist */ = {isa = PBXFileReference; lastKnownFileType = text.plist.xml; path = Info.plist; sourceTree = "<group>"; };
		651BD5661C9C4FF900C05BFB /* LoveFinderUITests.xctest */ = {isa = PBXFileReference; explicitFileType = wrapper.cfbundle; includeInIndex = 0; path = LoveFinderUITests.xctest; sourceTree = BUILT_PRODUCTS_DIR; };
		651BD56A1C9C4FF900C05BFB /* LoveFinderUITests.swift */ = {isa = PBXFileReference; lastKnownFileType = sourcecode.swift; path = LoveFinderUITests.swift; sourceTree = "<group>"; };
		651BD56C1C9C4FF900C05BFB /* Info.plist */ = {isa = PBXFileReference; lastKnownFileType = text.plist.xml; path = Info.plist; sourceTree = "<group>"; };
/* End PBXFileReference section */

/* Begin PBXFrameworksBuildPhase section */
		651BD5441C9C4FF900C05BFB /* Frameworks */ = {
			isa = PBXFrameworksBuildPhase;
			buildActionMask = 2147483647;
			files = (
			);
			runOnlyForDeploymentPostprocessing = 0;
		};
		651BD5581C9C4FF900C05BFB /* Frameworks */ = {
			isa = PBXFrameworksBuildPhase;
			buildActionMask = 2147483647;
			files = (
			);
			runOnlyForDeploymentPostprocessing = 0;
		};
		651BD5631C9C4FF900C05BFB /* Frameworks */ = {
			isa = PBXFrameworksBuildPhase;
			buildActionMask = 2147483647;
			files = (
			);
			runOnlyForDeploymentPostprocessing = 0;
		};
/* End PBXFrameworksBuildPhase section */

/* Begin PBXGroup section */
		651BD53E1C9C4FF900C05BFB = {
			isa = PBXGroup;
			children = (
				651BD5491C9C4FF900C05BFB /* LoveFinder */,
				651BD55E1C9C4FF900C05BFB /* LoveFinderTests */,
				651BD5691C9C4FF900C05BFB /* LoveFinderUITests */,
				651BD5481C9C4FF900C05BFB /* Products */,
			);
			sourceTree = "<group>";
		};
		651BD5481C9C4FF900C05BFB /* Products */ = {
			isa = PBXGroup;
			children = (
				651BD5471C9C4FF900C05BFB /* LoveFinder.app */,
				651BD55B1C9C4FF900C05BFB /* LoveFinderTests.xctest */,
				651BD5661C9C4FF900C05BFB /* LoveFinderUITests.xctest */,
			);
			name = Products;
			sourceTree = "<group>";
		};
		651BD5491C9C4FF900C05BFB /* LoveFinder */ = {
			isa = PBXGroup;
			children = (
				651BD54A1C9C4FF900C05BFB /* AppDelegate.swift */,
				651BD54C1C9C4FF900C05BFB /* ViewController.swift */,
				651BD54E1C9C4FF900C05BFB /* Main.storyboard */,
				651BD5511C9C4FF900C05BFB /* Assets.xcassets */,
				651BD5531C9C4FF900C05BFB /* LaunchScreen.storyboard */,
				651BD5561C9C4FF900C05BFB /* Info.plist */,
			);
			path = LoveFinder;
			sourceTree = "<group>";
		};
		651BD55E1C9C4FF900C05BFB /* LoveFinderTests */ = {
			isa = PBXGroup;
			children = (
				651BD55F1C9C4FF900C05BFB /* LoveFinderTests.swift */,
				651BD5611C9C4FF900C05BFB /* Info.plist */,
			);
			path = LoveFinderTests;
			sourceTree = "<group>";
		};
		651BD5691C9C4FF900C05BFB /* LoveFinderUITests */ = {
			isa = PBXGroup;
			children = (
				651BD56A1C9C4FF900C05BFB /* LoveFinderUITests.swift */,
				651BD56C1C9C4FF900C05BFB /* Info.plist */,
			);
			path = LoveFinderUITests;
			sourceTree = "<group>";
		};
/* End PBXGroup section */

/* Begin PBXNativeTarget section */
		651BD5461C9C4FF900C05BFB /* LoveFinder */ = {
			isa = PBXNativeTarget;
			buildConfigurationList = 651BD56F1C9C4FF900C05BFB /* Build configuration list for PBXNativeTarget "LoveFinder" */;
			buildPhases = (
				651BD5431C9C4FF900C05BFB /* Sources */,
				651BD5441C9C4FF900C05BFB /* Frameworks */,
				651BD5451C9C4FF900C05BFB /* Resources */,
			);
			buildRules = (
			);
			dependencies = (
			);
			name = LoveFinder;
			productName = LoveFinder;
			productReference = 651BD5471C9C4FF900C05BFB /* LoveFinder.app */;
			productType = "com.apple.product-type.application";
		};
		651BD55A1C9C4FF900C05BFB /* LoveFinderTests */ = {
			isa = PBXNativeTarget;
			buildConfigurationList = 651BD5721C9C4FF900C05BFB /* Build configuration list for PBXNativeTarget "LoveFinderTests" */;
			buildPhases = (
				651BD5571C9C4FF900C05BFB /* Sources */,
				651BD5581C9C4FF900C05BFB /* Frameworks */,
				651BD5591C9C4FF900C05BFB /* Resources */,
			);
			buildRules = (
			);
			dependencies = (
				651BD55D1C9C4FF900C05BFB /* PBXTargetDependency */,
			);
			name = LoveFinderTests;
			productName = LoveFinderTests;
			productReference = 651BD55B1C9C4FF900C05BFB /* LoveFinderTests.xctest */;
			productType = "com.apple.product-type.bundle.unit-test";
		};
		651BD5651C9C4FF900C05BFB /* LoveFinderUITests */ = {
			isa = PBXNativeTarget;
			buildConfigurationList = 651BD5751C9C4FF900C05BFB /* Build configuration list for PBXNativeTarget "LoveFinderUITests" */;
			buildPhases = (
				651BD5621C9C4FF900C05BFB /* Sources */,
				651BD5631C9C4FF900C05BFB /* Frameworks */,
				651BD5641C9C4FF900C05BFB /* Resources */,
			);
			buildRules = (
			);
			dependencies = (
				651BD5681C9C4FF900C05BFB /* PBXTargetDependency */,
			);
			name = LoveFinderUITests;
			productName = LoveFinderUITests;
			productReference = 651BD5661C9C4FF900C05BFB /* LoveFinderUITests.xctest */;
			productType = "com.apple.product-type.bundle.ui-testing";
		};
/* End PBXNativeTarget section */

/* Begin PBXProject section */
		651BD53F1C9C4FF900C05BFB /* Project object */ = {
			isa = PBXProject;
			attributes = {
				LastSwiftUpdateCheck = 0720;
				LastUpgradeCheck = 0720;
				ORGANIZATIONNAME = Fay;
				TargetAttributes = {
					651BD5461C9C4FF900C05BFB = {
						CreatedOnToolsVersion = 7.2.1;
						DevelopmentTeam = BT32V2XA35;
					};
					651BD55A1C9C4FF900C05BFB = {
						CreatedOnToolsVersion = 7.2.1;
						DevelopmentTeam = BT32V2XA35;
						TestTargetID = 651BD5461C9C4FF900C05BFB;
					};
					651BD5651C9C4FF900C05BFB = {
						CreatedOnToolsVersion = 7.2.1;
						DevelopmentTeam = BT32V2XA35;
						TestTargetID = 651BD5461C9C4FF900C05BFB;
					};
				};
			};
			buildConfigurationList = 651BD5421C9C4FF900C05BFB /* Build configuration list for PBXProject "LoveFinder" */;
			compatibilityVersion = "Xcode 3.2";
			developmentRegion = English;
			hasScannedForEncodings = 0;
			knownRegions = (
				en,
				Base,
			);
			mainGroup = 651BD53E1C9C4FF900C05BFB;
			productRefGroup = 651BD5481C9C4FF900C05BFB /* Products */;
			projectDirPath = "";
			projectRoot = "";
			targets = (
				651BD5461C9C4FF900C05BFB /* LoveFinder */,
				651BD55A1C9C4FF900C05BFB /* LoveFinderTests */,
				651BD5651C9C4FF900C05BFB /* LoveFinderUITests */,
			);
		};
/* End PBXProject section */

/* Begin PBXResourcesBuildPhase section */
		651BD5451C9C4FF900C05BFB /* Resources */ = {
			isa = PBXResourcesBuildPhase;
			buildActionMask = 2147483647;
			files = (
				651BD5551C9C4FF900C05BFB /* LaunchScreen.storyboard in Resources */,
				651BD5521C9C4FF900C05BFB /* Assets.xcassets in Resources */,
				651BD5501C9C4FF900C05BFB /* Main.storyboard in Resources */,
			);
			runOnlyForDeploymentPostprocessing = 0;
		};
		651BD5591C9C4FF900C05BFB /* Resources */ = {
			isa = PBXResourcesBuildPhase;
			buildActionMask = 2147483647;
			files = (
			);
			runOnlyForDeploymentPostprocessing = 0;
		};
		651BD5641C9C4FF900C05BFB /* Resources */ = {
			isa = PBXResourcesBuildPhase;
			buildActionMask = 2147483647;
			files = (
			);
			runOnlyForDeploymentPostprocessing = 0;
		};
/* End PBXResourcesBuildPhase section */

/* Begin PBXSourcesBuildPhase section */
		651BD5431C9C4FF900C05BFB /* Sources */ = {
			isa = PBXSourcesBuildPhase;
			buildActionMask = 2147483647;
			files = (
				651BD54D1C9C4FF900C05BFB /* ViewController.swift in Sources */,
				651BD54B1C9C4FF900C05BFB /* AppDelegate.swift in Sources */,
			);
			runOnlyForDeploymentPostprocessing = 0;
		};
		651BD5571C9C4FF900C05BFB /* Sources */ = {
			isa = PBXSourcesBuildPhase;
			buildActionMask = 2147483647;
			files = (
				651BD5601C9C4FF900C05BFB /* LoveFinderTests.swift in Sources */,
			);
			runOnlyForDeploymentPostprocessing = 0;
		};
		651BD5621C9C4FF900C05BFB /* Sources */ = {
			isa = PBXSourcesBuildPhase;
			buildActionMask = 2147483647;
			files = (
				651BD56B1C9C4FF900C05BFB /* LoveFinderUITests.swift in Sources */,
			);
			runOnlyForDeploymentPostprocessing = 0;
		};
/* End PBXSourcesBuildPhase section */

/* Begin PBXTargetDependency section */
		651BD55D1C9C4FF900C05BFB /* PBXTargetDependency */ = {
			isa = PBXTargetDependency;
			target = 651BD5461C9C4FF900C05BFB /* LoveFinder */;
			targetProxy = 651BD55C1C9C4FF900C05BFB /* PBXContainerItemProxy */;
		};
		651BD5681C9C4FF900C05BFB /* PBXTargetDependency */ = {
			isa = PBXTargetDependency;
			target = 651BD5461C9C4FF900C05BFB /* LoveFinder */;
			targetProxy = 651BD5671C9C4FF900C05BFB /* PBXContainerItemProxy */;
		};
/* End PBXTargetDependency section */

/* Begin PBXVariantGroup section */
		651BD54E1C9C4FF900C05BFB /* Main.storyboard */ = {
			isa = PBXVariantGroup;
			children = (
				651BD54F1C9C4FF900C05BFB /* Base */,
			);
			name = Main.storyboard;
			sourceTree = "<group>";
		};
		651BD5531C9C4FF900C05BFB /* LaunchScreen.storyboard */ = {
			isa = PBXVariantGroup;
			children = (
				651BD5541C9C4FF900C05BFB /* Base */,
			);
			name = LaunchScreen.storyboard;
			sourceTree = "<group>";
		};
/* End PBXVariantGroup section */

/* Begin XCBuildConfiguration section */
		651BD56D1C9C4FF900C05BFB /* Debug */ = {
			isa = XCBuildConfiguration;
			buildSettings = {
				ALWAYS_SEARCH_USER_PATHS = NO;
				CLANG_CXX_LANGUAGE_STANDARD = "gnu++0x";
				CLANG_CXX_LIBRARY = "libc++";
				CLANG_ENABLE_MODULES = YES;
				CLANG_ENABLE_OBJC_ARC = YES;
				CLANG_WARN_BOOL_CONVERSION = YES;
				CLANG_WARN_CONSTANT_CONVERSION = YES;
				CLANG_WARN_DIRECT_OBJC_ISA_USAGE = YES_ERROR;
				CLANG_WARN_EMPTY_BODY = YES;
				CLANG_WARN_ENUM_CONVERSION = YES;
				CLANG_WARN_INT_CONVERSION = YES;
				CLANG_WARN_OBJC_ROOT_CLASS = YES_ERROR;
				CLANG_WARN_UNREACHABLE_CODE = YES;
				CLANG_WARN__DUPLICATE_METHOD_MATCH = YES;
				"CODE_SIGN_IDENTITY[sdk=iphoneos*]" = "iPhone Developer";
				COPY_PHASE_STRIP = NO;
				DEBUG_INFORMATION_FORMAT = dwarf;
				ENABLE_STRICT_OBJC_MSGSEND = YES;
				ENABLE_TESTABILITY = YES;
				GCC_C_LANGUAGE_STANDARD = gnu99;
				GCC_DYNAMIC_NO_PIC = NO;
				GCC_NO_COMMON_BLOCKS = YES;
				GCC_OPTIMIZATION_LEVEL = 0;
				GCC_PREPROCESSOR_DEFINITIONS = (
					"DEBUG=1",
					"$(inherited)",
				);
				GCC_WARN_64_TO_32_BIT_CONVERSION = YES;
				GCC_WARN_ABOUT_RETURN_TYPE = YES_ERROR;
				GCC_WARN_UNDECLARED_SELECTOR = YES;
				GCC_WARN_UNINITIALIZED_AUTOS = YES_AGGRESSIVE;
				GCC_WARN_UNUSED_FUNCTION = YES;
				GCC_WARN_UNUSED_VARIABLE = YES;
				IPHONEOS_DEPLOYMENT_TARGET = 9.2;
				MTL_ENABLE_DEBUG_INFO = YES;
				ONLY_ACTIVE_ARCH = YES;
				SDKROOT = iphoneos;
				SWIFT_OPTIMIZATION_LEVEL = "-Onone";
			};
			name = Debug;
		};
		651BD56E1C9C4FF900C05BFB /* Release */ = {
			isa = XCBuildConfiguration;
			buildSettings = {
				ALWAYS_SEARCH_USER_PATHS = NO;
				CLANG_CXX_LANGUAGE_STANDARD = "gnu++0x";
				CLANG_CXX_LIBRARY = "libc++";
				CLANG_ENABLE_MODULES = YES;
				CLANG_ENABLE_OBJC_ARC = YES;
				CLANG_WARN_BOOL_CONVERSION = YES;
				CLANG_WARN_CONSTANT_CONVERSION = YES;
				CLANG_WARN_DIRECT_OBJC_ISA_USAGE = YES_ERROR;
				CLANG_WARN_EMPTY_BODY = YES;
				CLANG_WARN_ENUM_CONVERSION = YES;
				CLANG_WARN_INT_CONVERSION = YES;
				CLANG_WARN_OBJC_ROOT_CLASS = YES_ERROR;
				CLANG_WARN_UNREACHABLE_CODE = YES;
				CLANG_WARN__DUPLICATE_METHOD_MATCH = YES;
				"CODE_SIGN_IDENTITY[sdk=iphoneos*]" = "iPhone Developer";
				COPY_PHASE_STRIP = NO;
				DEBUG_INFORMATION_FORMAT = "dwarf-with-dsym";
				ENABLE_NS_ASSERTIONS = NO;
				ENABLE_STRICT_OBJC_MSGSEND = YES;
				GCC_C_LANGUAGE_STANDARD = gnu99;
				GCC_NO_COMMON_BLOCKS = YES;
				GCC_WARN_64_TO_32_BIT_CONVERSION = YES;
				GCC_WARN_ABOUT_RETURN_TYPE = YES_ERROR;
				GCC_WARN_UNDECLARED_SELECTOR = YES;
				GCC_WARN_UNINITIALIZED_AUTOS = YES_AGGRESSIVE;
				GCC_WARN_UNUSED_FUNCTION = YES;
				GCC_WARN_UNUSED_VARIABLE = YES;
				IPHONEOS_DEPLOYMENT_TARGET = 9.2;
				MTL_ENABLE_DEBUG_INFO = NO;
				SDKROOT = iphoneos;
				VALIDATE_PRODUCT = YES;
			};
			name = Release;
		};
		651BD5701C9C4FF900C05BFB /* Debug */ = {
			isa = XCBuildConfiguration;
			buildSettings = {
				ASSETCATALOG_COMPILER_APPICON_NAME = AppIcon;
				INFOPLIST_FILE = LoveFinder/Info.plist;
				LD_RUNPATH_SEARCH_PATHS = "$(inherited) @executable_path/Frameworks";
				PRODUCT_BUNDLE_IDENTIFIER = fay.LoveFinder;
				PRODUCT_NAME = "$(TARGET_NAME)";
			};
			name = Debug;
		};
		651BD5711C9C4FF900C05BFB /* Release */ = {
			isa = XCBuildConfiguration;
			buildSettings = {
				ASSETCATALOG_COMPILER_APPICON_NAME = AppIcon;
				INFOPLIST_FILE = LoveFinder/Info.plist;
				LD_RUNPATH_SEARCH_PATHS = "$(inherited) @executable_path/Frameworks";
				PRODUCT_BUNDLE_IDENTIFIER = fay.LoveFinder;
				PRODUCT_NAME = "$(TARGET_NAME)";
			};
			name = Release;
		};
		651BD5731C9C4FF900C05BFB /* Debug */ = {
			isa = XCBuildConfiguration;
			buildSettings = {
				BUNDLE_LOADER = "$(TEST_HOST)";
				INFOPLIST_FILE = LoveFinderTests/Info.plist;
				LD_RUNPATH_SEARCH_PATHS = "$(inherited) @executable_path/Frameworks @loader_path/Frameworks";
				PRODUCT_BUNDLE_IDENTIFIER = fay.LoveFinderTests;
				PRODUCT_NAME = "$(TARGET_NAME)";
				TEST_HOST = "$(BUILT_PRODUCTS_DIR)/LoveFinder.app/LoveFinder";
			};
			name = Debug;
		};
		651BD5741C9C4FF900C05BFB /* Release */ = {
			isa = XCBuildConfiguration;
			buildSettings = {
				BUNDLE_LOADER = "$(TEST_HOST)";
				INFOPLIST_FILE = LoveFinderTests/Info.plist;
				LD_RUNPATH_SEARCH_PATHS = "$(inherited) @executable_path/Frameworks @loader_path/Frameworks";
				PRODUCT_BUNDLE_IDENTIFIER = fay.LoveFinderTests;
				PRODUCT_NAME = "$(TARGET_NAME)";
				TEST_HOST = "$(BUILT_PRODUCTS_DIR)/LoveFinder.app/LoveFinder";
			};
			name = Release;
		};
		651BD5761C9C4FF900C05BFB /* Debug */ = {
			isa = XCBuildConfiguration;
			buildSettings = {
				INFOPLIST_FILE = LoveFinderUITests/Info.plist;
				LD_RUNPATH_SEARCH_PATHS = "$(inherited) @executable_path/Frameworks @loader_path/Frameworks";
				PRODUCT_BUNDLE_IDENTIFIER = fay.LoveFinderUITests;
				PRODUCT_NAME = "$(TARGET_NAME)";
				TEST_TARGET_NAME = LoveFinder;
				USES_XCTRUNNER = YES;
			};
			name = Debug;
		};
		651BD5771C9C4FF900C05BFB /* Release */ = {
			isa = XCBuildConfiguration;
			buildSettings = {
				INFOPLIST_FILE = LoveFinderUITests/Info.plist;
				LD_RUNPATH_SEARCH_PATHS = "$(inherited) @executable_path/Frameworks @loader_path/Frameworks";
				PRODUCT_BUNDLE_IDENTIFIER = fay.LoveFinderUITests;
				PRODUCT_NAME = "$(TARGET_NAME)";
				TEST_TARGET_NAME = LoveFinder;
				USES_XCTRUNNER = YES;
			};
			name = Release;
		};
/* End XCBuildConfiguration section */

/* Begin XCConfigurationList section */
		651BD5421C9C4FF900C05BFB /* Build configuration list for PBXProject "LoveFinder" */ = {
			isa = XCConfigurationList;
			buildConfigurations = (
				651BD56D1C9C4FF900C05BFB /* Debug */,
				651BD56E1C9C4FF900C05BFB /* Release */,
			);
			defaultConfigurationIsVisible = 0;
			defaultConfigurationName = Release;
		};
		651BD56F1C9C4FF900C05BFB /* Build configuration list for PBXNativeTarget "LoveFinder" */ = {
			isa = XCConfigurationList;
			buildConfigurations = (
				651BD5701C9C4FF900C05BFB /* Debug */,
				651BD5711C9C4FF900C05BFB /* Release */,
			);
			defaultConfigurationIsVisible = 0;
		};
		651BD5721C9C4FF900C05BFB /* Build configuration list for PBXNativeTarget "LoveFinderTests" */ = {
			isa = XCConfigurationList;
			buildConfigurations = (
				651BD5731C9C4FF900C05BFB /* Debug */,
				651BD5741C9C4FF900C05BFB /* Release */,
			);
			defaultConfigurationIsVisible = 0;
		};
		651BD5751C9C4FF900C05BFB /* Build configuration list for PBXNativeTarget "LoveFinderUITests" */ = {
			isa = XCConfigurationList;
			buildConfigurations = (
				651BD5761C9C4FF900C05BFB /* Debug */,
				651BD5771C9C4FF900C05BFB /* Release */,
			);
			defaultConfigurationIsVisible = 0;
		};
/* End XCConfigurationList section */
	};
	rootObject = 651BD53F1C9C4FF900C05BFB /* Project object */;
}
