// !$*UTF8*$!
{
	archiveVersion = 1;
	classes = {
	};
	objectVersion = 46;
	objects = {

/* Begin PBXBuildFile section */
		657798E41CB5813B0003C8FD /* AppDelegate.swift in Sources */ = {isa = PBXBuildFile; fileRef = 657798E31CB5813B0003C8FD /* AppDelegate.swift */; };
		657798E61CB5813B0003C8FD /* ViewController.swift in Sources */ = {isa = PBXBuildFile; fileRef = 657798E51CB5813B0003C8FD /* ViewController.swift */; };
		657798E91CB5813B0003C8FD /* Main.storyboard in Resources */ = {isa = PBXBuildFile; fileRef = 657798E71CB5813B0003C8FD /* Main.storyboard */; };
		657798EB1CB5813B0003C8FD /* Assets.xcassets in Resources */ = {isa = PBXBuildFile; fileRef = 657798EA1CB5813B0003C8FD /* Assets.xcassets */; };
		657798EE1CB5813B0003C8FD /* LaunchScreen.storyboard in Resources */ = {isa = PBXBuildFile; fileRef = 657798EC1CB5813B0003C8FD /* LaunchScreen.storyboard */; };
		657798F91CB5813B0003C8FD /* BeautyGalleryTests.swift in Sources */ = {isa = PBXBuildFile; fileRef = 657798F81CB5813B0003C8FD /* BeautyGalleryTests.swift */; };
		657799041CB5813B0003C8FD /* BeautyGalleryUITests.swift in Sources */ = {isa = PBXBuildFile; fileRef = 657799031CB5813B0003C8FD /* BeautyGalleryUITests.swift */; };
		657799121CB5C1300003C8FD /* ViewControllerExtension.swift in Sources */ = {isa = PBXBuildFile; fileRef = 657799111CB5C1300003C8FD /* ViewControllerExtension.swift */; };
		657799161CB6CBA00003C8FD /* GalleryViewController.swift in Sources */ = {isa = PBXBuildFile; fileRef = 657799151CB6CBA00003C8FD /* GalleryViewController.swift */; };
/* End PBXBuildFile section */

/* Begin PBXContainerItemProxy section */
		657798F51CB5813B0003C8FD /* PBXContainerItemProxy */ = {
			isa = PBXContainerItemProxy;
			containerPortal = 657798D81CB5813B0003C8FD /* Project object */;
			proxyType = 1;
			remoteGlobalIDString = 657798DF1CB5813B0003C8FD;
			remoteInfo = BeautyGallery;
		};
		657799001CB5813B0003C8FD /* PBXContainerItemProxy */ = {
			isa = PBXContainerItemProxy;
			containerPortal = 657798D81CB5813B0003C8FD /* Project object */;
			proxyType = 1;
			remoteGlobalIDString = 657798DF1CB5813B0003C8FD;
			remoteInfo = BeautyGallery;
		};
/* End PBXContainerItemProxy section */

/* Begin PBXFileReference section */
		657798E01CB5813B0003C8FD /* BeautyGallery.app */ = {isa = PBXFileReference; explicitFileType = wrapper.application; includeInIndex = 0; path = BeautyGallery.app; sourceTree = BUILT_PRODUCTS_DIR; };
		657798E31CB5813B0003C8FD /* AppDelegate.swift */ = {isa = PBXFileReference; lastKnownFileType = sourcecode.swift; path = AppDelegate.swift; sourceTree = "<group>"; };
		657798E51CB5813B0003C8FD /* ViewController.swift */ = {isa = PBXFileReference; lastKnownFileType = sourcecode.swift; path = ViewController.swift; sourceTree = "<group>"; };
		657798E81CB5813B0003C8FD /* Base */ = {isa = PBXFileReference; lastKnownFileType = file.storyboard; name = Base; path = Base.lproj/Main.storyboard; sourceTree = "<group>"; };
		657798EA1CB5813B0003C8FD /* Assets.xcassets */ = {isa = PBXFileReference; lastKnownFileType = folder.assetcatalog; path = Assets.xcassets; sourceTree = "<group>"; };
		657798ED1CB5813B0003C8FD /* Base */ = {isa = PBXFileReference; lastKnownFileType = file.storyboard; name = Base; path = Base.lproj/LaunchScreen.storyboard; sourceTree = "<group>"; };
		657798EF1CB5813B0003C8FD /* Info.plist */ = {isa = PBXFileReference; lastKnownFileType = text.plist.xml; path = Info.plist; sourceTree = "<group>"; };
		657798F41CB5813B0003C8FD /* BeautyGalleryTests.xctest */ = {isa = PBXFileReference; explicitFileType = wrapper.cfbundle; includeInIndex = 0; path = BeautyGalleryTests.xctest; sourceTree = BUILT_PRODUCTS_DIR; };
		657798F81CB5813B0003C8FD /* BeautyGalleryTests.swift */ = {isa = PBXFileReference; lastKnownFileType = sourcecode.swift; path = BeautyGalleryTests.swift; sourceTree = "<group>"; };
		657798FA1CB5813B0003C8FD /* Info.plist */ = {isa = PBXFileReference; lastKnownFileType = text.plist.xml; path = Info.plist; sourceTree = "<group>"; };
		657798FF1CB5813B0003C8FD /* BeautyGalleryUITests.xctest */ = {isa = PBXFileReference; explicitFileType = wrapper.cfbundle; includeInIndex = 0; path = BeautyGalleryUITests.xctest; sourceTree = BUILT_PRODUCTS_DIR; };
		657799031CB5813B0003C8FD /* BeautyGalleryUITests.swift */ = {isa = PBXFileReference; lastKnownFileType = sourcecode.swift; path = BeautyGalleryUITests.swift; sourceTree = "<group>"; };
		657799051CB5813B0003C8FD /* Info.plist */ = {isa = PBXFileReference; lastKnownFileType = text.plist.xml; path = Info.plist; sourceTree = "<group>"; };
		657799111CB5C1300003C8FD /* ViewControllerExtension.swift */ = {isa = PBXFileReference; fileEncoding = 4; lastKnownFileType = sourcecode.swift; path = ViewControllerExtension.swift; sourceTree = SOURCE_ROOT; };
		657799151CB6CBA00003C8FD /* GalleryViewController.swift */ = {isa = PBXFileReference; fileEncoding = 4; lastKnownFileType = sourcecode.swift; path = GalleryViewController.swift; sourceTree = "<group>"; };
/* End PBXFileReference section */

/* Begin PBXFrameworksBuildPhase section */
		657798DD1CB5813B0003C8FD /* Frameworks */ = {
			isa = PBXFrameworksBuildPhase;
			buildActionMask = 2147483647;
			files = (
			);
			runOnlyForDeploymentPostprocessing = 0;
		};
		657798F11CB5813B0003C8FD /* Frameworks */ = {
			isa = PBXFrameworksBuildPhase;
			buildActionMask = 2147483647;
			files = (
			);
			runOnlyForDeploymentPostprocessing = 0;
		};
		657798FC1CB5813B0003C8FD /* Frameworks */ = {
			isa = PBXFrameworksBuildPhase;
			buildActionMask = 2147483647;
			files = (
			);
			runOnlyForDeploymentPostprocessing = 0;
		};
/* End PBXFrameworksBuildPhase section */

/* Begin PBXGroup section */
		657798D71CB5813B0003C8FD = {
			isa = PBXGroup;
			children = (
				657798E21CB5813B0003C8FD /* BeautyGallery */,
				657798F71CB5813B0003C8FD /* BeautyGalleryTests */,
				657799021CB5813B0003C8FD /* BeautyGalleryUITests */,
				657798E11CB5813B0003C8FD /* Products */,
			);
			sourceTree = "<group>";
		};
		657798E11CB5813B0003C8FD /* Products */ = {
			isa = PBXGroup;
			children = (
				657798E01CB5813B0003C8FD /* BeautyGallery.app */,
				657798F41CB5813B0003C8FD /* BeautyGalleryTests.xctest */,
				657798FF1CB5813B0003C8FD /* BeautyGalleryUITests.xctest */,
			);
			name = Products;
			sourceTree = "<group>";
		};
		657798E21CB5813B0003C8FD /* BeautyGallery */ = {
			isa = PBXGroup;
			children = (
				657798E31CB5813B0003C8FD /* AppDelegate.swift */,
				657798E51CB5813B0003C8FD /* ViewController.swift */,
				657799111CB5C1300003C8FD /* ViewControllerExtension.swift */,
				657799151CB6CBA00003C8FD /* GalleryViewController.swift */,
				657798E71CB5813B0003C8FD /* Main.storyboard */,
				657798EA1CB5813B0003C8FD /* Assets.xcassets */,
				657798EC1CB5813B0003C8FD /* LaunchScreen.storyboard */,
				657798EF1CB5813B0003C8FD /* Info.plist */,
			);
			path = BeautyGallery;
			sourceTree = "<group>";
		};
		657798F71CB5813B0003C8FD /* BeautyGalleryTests */ = {
			isa = PBXGroup;
			children = (
				657798F81CB5813B0003C8FD /* BeautyGalleryTests.swift */,
				657798FA1CB5813B0003C8FD /* Info.plist */,
			);
			path = BeautyGalleryTests;
			sourceTree = "<group>";
		};
		657799021CB5813B0003C8FD /* BeautyGalleryUITests */ = {
			isa = PBXGroup;
			children = (
				657799031CB5813B0003C8FD /* BeautyGalleryUITests.swift */,
				657799051CB5813B0003C8FD /* Info.plist */,
			);
			path = BeautyGalleryUITests;
			sourceTree = "<group>";
		};
/* End PBXGroup section */

/* Begin PBXNativeTarget section */
		657798DF1CB5813B0003C8FD /* BeautyGallery */ = {
			isa = PBXNativeTarget;
			buildConfigurationList = 657799081CB5813B0003C8FD /* Build configuration list for PBXNativeTarget "BeautyGallery" */;
			buildPhases = (
				657798DC1CB5813B0003C8FD /* Sources */,
				657798DD1CB5813B0003C8FD /* Frameworks */,
				657798DE1CB5813B0003C8FD /* Resources */,
			);
			buildRules = (
			);
			dependencies = (
			);
			name = BeautyGallery;
			productName = BeautyGallery;
			productReference = 657798E01CB5813B0003C8FD /* BeautyGallery.app */;
			productType = "com.apple.product-type.application";
		};
		657798F31CB5813B0003C8FD /* BeautyGalleryTests */ = {
			isa = PBXNativeTarget;
			buildConfigurationList = 6577990B1CB5813B0003C8FD /* Build configuration list for PBXNativeTarget "BeautyGalleryTests" */;
			buildPhases = (
				657798F01CB5813B0003C8FD /* Sources */,
				657798F11CB5813B0003C8FD /* Frameworks */,
				657798F21CB5813B0003C8FD /* Resources */,
			);
			buildRules = (
			);
			dependencies = (
				657798F61CB5813B0003C8FD /* PBXTargetDependency */,
			);
			name = BeautyGalleryTests;
			productName = BeautyGalleryTests;
			productReference = 657798F41CB5813B0003C8FD /* BeautyGalleryTests.xctest */;
			productType = "com.apple.product-type.bundle.unit-test";
		};
		657798FE1CB5813B0003C8FD /* BeautyGalleryUITests */ = {
			isa = PBXNativeTarget;
			buildConfigurationList = 6577990E1CB5813B0003C8FD /* Build configuration list for PBXNativeTarget "BeautyGalleryUITests" */;
			buildPhases = (
				657798FB1CB5813B0003C8FD /* Sources */,
				657798FC1CB5813B0003C8FD /* Frameworks */,
				657798FD1CB5813B0003C8FD /* Resources */,
			);
			buildRules = (
			);
			dependencies = (
				657799011CB5813B0003C8FD /* PBXTargetDependency */,
			);
			name = BeautyGalleryUITests;
			productName = BeautyGalleryUITests;
			productReference = 657798FF1CB5813B0003C8FD /* BeautyGalleryUITests.xctest */;
			productType = "com.apple.product-type.bundle.ui-testing";
		};
/* End PBXNativeTarget section */

/* Begin PBXProject section */
		657798D81CB5813B0003C8FD /* Project object */ = {
			isa = PBXProject;
			attributes = {
				LastSwiftUpdateCheck = 0730;
				LastUpgradeCheck = 0730;
				ORGANIZATIONNAME = Fay;
				TargetAttributes = {
					657798DF1CB5813B0003C8FD = {
						CreatedOnToolsVersion = 7.3;
					};
					657798F31CB5813B0003C8FD = {
						CreatedOnToolsVersion = 7.3;
						TestTargetID = 657798DF1CB5813B0003C8FD;
					};
					657798FE1CB5813B0003C8FD = {
						CreatedOnToolsVersion = 7.3;
						TestTargetID = 657798DF1CB5813B0003C8FD;
					};
				};
			};
			buildConfigurationList = 657798DB1CB5813B0003C8FD /* Build configuration list for PBXProject "BeautyGallery" */;
			compatibilityVersion = "Xcode 3.2";
			developmentRegion = English;
			hasScannedForEncodings = 0;
			knownRegions = (
				en,
				Base,
			);
			mainGroup = 657798D71CB5813B0003C8FD;
			productRefGroup = 657798E11CB5813B0003C8FD /* Products */;
			projectDirPath = "";
			projectRoot = "";
			targets = (
				657798DF1CB5813B0003C8FD /* BeautyGallery */,
				657798F31CB5813B0003C8FD /* BeautyGalleryTests */,
				657798FE1CB5813B0003C8FD /* BeautyGalleryUITests */,
			);
		};
/* End PBXProject section */

/* Begin PBXResourcesBuildPhase section */
		657798DE1CB5813B0003C8FD /* Resources */ = {
			isa = PBXResourcesBuildPhase;
			buildActionMask = 2147483647;
			files = (
				657798EE1CB5813B0003C8FD /* LaunchScreen.storyboard in Resources */,
				657798EB1CB5813B0003C8FD /* Assets.xcassets in Resources */,
				657798E91CB5813B0003C8FD /* Main.storyboard in Resources */,
			);
			runOnlyForDeploymentPostprocessing = 0;
		};
		657798F21CB5813B0003C8FD /* Resources */ = {
			isa = PBXResourcesBuildPhase;
			buildActionMask = 2147483647;
			files = (
			);
			runOnlyForDeploymentPostprocessing = 0;
		};
		657798FD1CB5813B0003C8FD /* Resources */ = {
			isa = PBXResourcesBuildPhase;
			buildActionMask = 2147483647;
			files = (
			);
			runOnlyForDeploymentPostprocessing = 0;
		};
/* End PBXResourcesBuildPhase section */

/* Begin PBXSourcesBuildPhase section */
		657798DC1CB5813B0003C8FD /* Sources */ = {
			isa = PBXSourcesBuildPhase;
			buildActionMask = 2147483647;
			files = (
				657798E61CB5813B0003C8FD /* ViewController.swift in Sources */,
				657799161CB6CBA00003C8FD /* GalleryViewController.swift in Sources */,
				657798E41CB5813B0003C8FD /* AppDelegate.swift in Sources */,
				657799121CB5C1300003C8FD /* ViewControllerExtension.swift in Sources */,
			);
			runOnlyForDeploymentPostprocessing = 0;
		};
		657798F01CB5813B0003C8FD /* Sources */ = {
			isa = PBXSourcesBuildPhase;
			buildActionMask = 2147483647;
			files = (
				657798F91CB5813B0003C8FD /* BeautyGalleryTests.swift in Sources */,
			);
			runOnlyForDeploymentPostprocessing = 0;
		};
		657798FB1CB5813B0003C8FD /* Sources */ = {
			isa = PBXSourcesBuildPhase;
			buildActionMask = 2147483647;
			files = (
				657799041CB5813B0003C8FD /* BeautyGalleryUITests.swift in Sources */,
			);
			runOnlyForDeploymentPostprocessing = 0;
		};
/* End PBXSourcesBuildPhase section */

/* Begin PBXTargetDependency section */
		657798F61CB5813B0003C8FD /* PBXTargetDependency */ = {
			isa = PBXTargetDependency;
			target = 657798DF1CB5813B0003C8FD /* BeautyGallery */;
			targetProxy = 657798F51CB5813B0003C8FD /* PBXContainerItemProxy */;
		};
		657799011CB5813B0003C8FD /* PBXTargetDependency */ = {
			isa = PBXTargetDependency;
			target = 657798DF1CB5813B0003C8FD /* BeautyGallery */;
			targetProxy = 657799001CB5813B0003C8FD /* PBXContainerItemProxy */;
		};
/* End PBXTargetDependency section */

/* Begin PBXVariantGroup section */
		657798E71CB5813B0003C8FD /* Main.storyboard */ = {
			isa = PBXVariantGroup;
			children = (
				657798E81CB5813B0003C8FD /* Base */,
			);
			name = Main.storyboard;
			sourceTree = "<group>";
		};
		657798EC1CB5813B0003C8FD /* LaunchScreen.storyboard */ = {
			isa = PBXVariantGroup;
			children = (
				657798ED1CB5813B0003C8FD /* Base */,
			);
			name = LaunchScreen.storyboard;
			sourceTree = "<group>";
		};
/* End PBXVariantGroup section */

/* Begin XCBuildConfiguration section */
		657799061CB5813B0003C8FD /* Debug */ = {
			isa = XCBuildConfiguration;
			buildSettings = {
				ALWAYS_SEARCH_USER_PATHS = NO;
				CLANG_ANALYZER_NONNULL = YES;
				CLANG_CXX_LANGUAGE_STANDARD = "gnu++0x";
				CLANG_CXX_LIBRARY = "libc++";
				CLANG_ENABLE_MODULES = YES;
				CLANG_ENABLE_OBJC_ARC = YES;
				CLANG_WARN_BOOL_CONVERSION = YES;
				CLANG_WARN_CONSTANT_CONVERSION = YES;
				CLANG_WARN_DIRECT_OBJC_ISA_USAGE = YES_ERROR;
				CLANG_WARN_EMPTY_BODY = YES;
				CLANG_WARN_ENUM_CONVERSION = YES;
				CLANG_WARN_INT_CONVERSION = YES;
				CLANG_WARN_OBJC_ROOT_CLASS = YES_ERROR;
				CLANG_WARN_UNREACHABLE_CODE = YES;
				CLANG_WARN__DUPLICATE_METHOD_MATCH = YES;
				"CODE_SIGN_IDENTITY[sdk=iphoneos*]" = "iPhone Developer";
				COPY_PHASE_STRIP = NO;
				DEBUG_INFORMATION_FORMAT = dwarf;
				ENABLE_STRICT_OBJC_MSGSEND = YES;
				ENABLE_TESTABILITY = YES;
				GCC_C_LANGUAGE_STANDARD = gnu99;
				GCC_DYNAMIC_NO_PIC = NO;
				GCC_NO_COMMON_BLOCKS = YES;
				GCC_OPTIMIZATION_LEVEL = 0;
				GCC_PREPROCESSOR_DEFINITIONS = (
					"DEBUG=1",
					"$(inherited)",
				);
				GCC_WARN_64_TO_32_BIT_CONVERSION = YES;
				GCC_WARN_ABOUT_RETURN_TYPE = YES_ERROR;
				GCC_WARN_UNDECLARED_SELECTOR = YES;
				GCC_WARN_UNINITIALIZED_AUTOS = YES_AGGRESSIVE;
				GCC_WARN_UNUSED_FUNCTION = YES;
				GCC_WARN_UNUSED_VARIABLE = YES;
				IPHONEOS_DEPLOYMENT_TARGET = 9.3;
				MTL_ENABLE_DEBUG_INFO = YES;
				ONLY_ACTIVE_ARCH = YES;
				SDKROOT = iphoneos;
				SWIFT_OPTIMIZATION_LEVEL = "-Onone";
			};
			name = Debug;
		};
		657799071CB5813B0003C8FD /* Release */ = {
			isa = XCBuildConfiguration;
			buildSettings = {
				ALWAYS_SEARCH_USER_PATHS = NO;
				CLANG_ANALYZER_NONNULL = YES;
				CLANG_CXX_LANGUAGE_STANDARD = "gnu++0x";
				CLANG_CXX_LIBRARY = "libc++";
				CLANG_ENABLE_MODULES = YES;
				CLANG_ENABLE_OBJC_ARC = YES;
				CLANG_WARN_BOOL_CONVERSION = YES;
				CLANG_WARN_CONSTANT_CONVERSION = YES;
				CLANG_WARN_DIRECT_OBJC_ISA_USAGE = YES_ERROR;
				CLANG_WARN_EMPTY_BODY = YES;
				CLANG_WARN_ENUM_CONVERSION = YES;
				CLANG_WARN_INT_CONVERSION = YES;
				CLANG_WARN_OBJC_ROOT_CLASS = YES_ERROR;
				CLANG_WARN_UNREACHABLE_CODE = YES;
				CLANG_WARN__DUPLICATE_METHOD_MATCH = YES;
				"CODE_SIGN_IDENTITY[sdk=iphoneos*]" = "iPhone Developer";
				COPY_PHASE_STRIP = NO;
				DEBUG_INFORMATION_FORMAT = "dwarf-with-dsym";
				ENABLE_NS_ASSERTIONS = NO;
				ENABLE_STRICT_OBJC_MSGSEND = YES;
				GCC_C_LANGUAGE_STANDARD = gnu99;
				GCC_NO_COMMON_BLOCKS = YES;
				GCC_WARN_64_TO_32_BIT_CONVERSION = YES;
				GCC_WARN_ABOUT_RETURN_TYPE = YES_ERROR;
				GCC_WARN_UNDECLARED_SELECTOR = YES;
				GCC_WARN_UNINITIALIZED_AUTOS = YES_AGGRESSIVE;
				GCC_WARN_UNUSED_FUNCTION = YES;
				GCC_WARN_UNUSED_VARIABLE = YES;
				IPHONEOS_DEPLOYMENT_TARGET = 9.3;
				MTL_ENABLE_DEBUG_INFO = NO;
				SDKROOT = iphoneos;
				VALIDATE_PRODUCT = YES;
			};
			name = Release;
		};
		657799091CB5813B0003C8FD /* Debug */ = {
			isa = XCBuildConfiguration;
			buildSettings = {
				ASSETCATALOG_COMPILER_APPICON_NAME = AppIcon;
				INFOPLIST_FILE = BeautyGallery/Info.plist;
				LD_RUNPATH_SEARCH_PATHS = "$(inherited) @executable_path/Frameworks";
				PRODUCT_BUNDLE_IDENTIFIER = fay.BeautyGallery;
				PRODUCT_NAME = "$(TARGET_NAME)";
			};
			name = Debug;
		};
		6577990A1CB5813B0003C8FD /* Release */ = {
			isa = XCBuildConfiguration;
			buildSettings = {
				ASSETCATALOG_COMPILER_APPICON_NAME = AppIcon;
				INFOPLIST_FILE = BeautyGallery/Info.plist;
				LD_RUNPATH_SEARCH_PATHS = "$(inherited) @executable_path/Frameworks";
				PRODUCT_BUNDLE_IDENTIFIER = fay.BeautyGallery;
				PRODUCT_NAME = "$(TARGET_NAME)";
			};
			name = Release;
		};
		6577990C1CB5813B0003C8FD /* Debug */ = {
			isa = XCBuildConfiguration;
			buildSettings = {
				BUNDLE_LOADER = "$(TEST_HOST)";
				INFOPLIST_FILE = BeautyGalleryTests/Info.plist;
				LD_RUNPATH_SEARCH_PATHS = "$(inherited) @executable_path/Frameworks @loader_path/Frameworks";
				PRODUCT_BUNDLE_IDENTIFIER = fay.BeautyGalleryTests;
				PRODUCT_NAME = "$(TARGET_NAME)";
				TEST_HOST = "$(BUILT_PRODUCTS_DIR)/BeautyGallery.app/BeautyGallery";
			};
			name = Debug;
		};
		6577990D1CB5813B0003C8FD /* Release */ = {
			isa = XCBuildConfiguration;
			buildSettings = {
				BUNDLE_LOADER = "$(TEST_HOST)";
				INFOPLIST_FILE = BeautyGalleryTests/Info.plist;
				LD_RUNPATH_SEARCH_PATHS = "$(inherited) @executable_path/Frameworks @loader_path/Frameworks";
				PRODUCT_BUNDLE_IDENTIFIER = fay.BeautyGalleryTests;
				PRODUCT_NAME = "$(TARGET_NAME)";
				TEST_HOST = "$(BUILT_PRODUCTS_DIR)/BeautyGallery.app/BeautyGallery";
			};
			name = Release;
		};
		6577990F1CB5813B0003C8FD /* Debug */ = {
			isa = XCBuildConfiguration;
			buildSettings = {
				INFOPLIST_FILE = BeautyGalleryUITests/Info.plist;
				LD_RUNPATH_SEARCH_PATHS = "$(inherited) @executable_path/Frameworks @loader_path/Frameworks";
				PRODUCT_BUNDLE_IDENTIFIER = fay.BeautyGalleryUITests;
				PRODUCT_NAME = "$(TARGET_NAME)";
				TEST_TARGET_NAME = BeautyGallery;
			};
			name = Debug;
		};
		657799101CB5813B0003C8FD /* Release */ = {
			isa = XCBuildConfiguration;
			buildSettings = {
				INFOPLIST_FILE = BeautyGalleryUITests/Info.plist;
				LD_RUNPATH_SEARCH_PATHS = "$(inherited) @executable_path/Frameworks @loader_path/Frameworks";
				PRODUCT_BUNDLE_IDENTIFIER = fay.BeautyGalleryUITests;
				PRODUCT_NAME = "$(TARGET_NAME)";
				TEST_TARGET_NAME = BeautyGallery;
			};
			name = Release;
		};
/* End XCBuildConfiguration section */

/* Begin XCConfigurationList section */
		657798DB1CB5813B0003C8FD /* Build configuration list for PBXProject "BeautyGallery" */ = {
			isa = XCConfigurationList;
			buildConfigurations = (
				657799061CB5813B0003C8FD /* Debug */,
				657799071CB5813B0003C8FD /* Release */,
			);
			defaultConfigurationIsVisible = 0;
			defaultConfigurationName = Release;
		};
		657799081CB5813B0003C8FD /* Build configuration list for PBXNativeTarget "BeautyGallery" */ = {
			isa = XCConfigurationList;
			buildConfigurations = (
				657799091CB5813B0003C8FD /* Debug */,
				6577990A1CB5813B0003C8FD /* Release */,
			);
			defaultConfigurationIsVisible = 0;
		};
		6577990B1CB5813B0003C8FD /* Build configuration list for PBXNativeTarget "BeautyGalleryTests" */ = {
			isa = XCConfigurationList;
			buildConfigurations = (
				6577990C1CB5813B0003C8FD /* Debug */,
				6577990D1CB5813B0003C8FD /* Release */,
			);
			defaultConfigurationIsVisible = 0;
		};
		6577990E1CB5813B0003C8FD /* Build configuration list for PBXNativeTarget "BeautyGalleryUITests" */ = {
			isa = XCConfigurationList;
			buildConfigurations = (
				6577990F1CB5813B0003C8FD /* Debug */,
				657799101CB5813B0003C8FD /* Release */,
			);
			defaultConfigurationIsVisible = 0;
		};
/* End XCConfigurationList section */
	};
	rootObject = 657798D81CB5813B0003C8FD /* Project object */;
}
